
Microsoft Visual Studio Solution File, Format Version 10.00
# Visual Studio 2008
Project("{FAE04EC0-301F-11D3-BF4B-00C04F79EFBC}") = "Tester", "Tester\Tester.csproj", "{E4E23371-F603-4769-8F8A-2A9A806FC649}"
EndProject
Project("{FAE04EC0-301F-11D3-BF4B-00C04F79EFBC}") = "HWGlobals", "HWGlobals\HWGlobals.csproj", "{43009C37-62D5-45DC-BC13-8121E4C4B18E}"
EndProject
Project("{FAE04EC0-301F-11D3-BF4B-00C04F79EFBC}") = "PTU", "PTU\PTU.csproj", "{9F8AC6AD-A9A4-43F3-B397-C530C311F044}"
EndProject
Global
	GlobalSection(SolutionConfigurationPlatforms) = preSolution
		Debug|Any CPU = Debug|Any CPU
		Debug|Mixed Platforms = Debug|Mixed Platforms
		Debug|Win32 = Debug|Win32
		Debug|x86 = Debug|x86
		Release|Any CPU = Release|Any CPU
		Release|Mixed Platforms = Release|Mixed Platforms
		Release|Win32 = Release|Win32
		Release|x86 = Release|x86
		Remote Debug|Any CPU = Remote Debug|Any CPU
		Remote Debug|Mixed Platforms = Remote Debug|Mixed Platforms
		Remote Debug|Win32 = Remote Debug|Win32
		Remote Debug|x86 = Remote Debug|x86
	EndGlobalSection
	GlobalSection(ProjectConfigurationPlatforms) = postSolution
		{E4E23371-F603-4769-8F8A-2A9A806FC649}.Debug|Any CPU.ActiveCfg = Debug|Any CPU
		{E4E23371-F603-4769-8F8A-2A9A806FC649}.Debug|Any CPU.Build.0 = Debug|Any CPU
		{E4E23371-F603-4769-8F8A-2A9A806FC649}.Debug|Mixed Platforms.ActiveCfg = Debug|Any CPU
		{E4E23371-F603-4769-8F8A-2A9A806FC649}.Debug|Mixed Platforms.Build.0 = Debug|Any CPU
		{E4E23371-F603-4769-8F8A-2A9A806FC649}.Debug|Win32.ActiveCfg = Debug|Any CPU
		{E4E23371-F603-4769-8F8A-2A9A806FC649}.Debug|x86.ActiveCfg = Debug|Any CPU
		{E4E23371-F603-4769-8F8A-2A9A806FC649}.Release|Any CPU.ActiveCfg = Release|Any CPU
		{E4E23371-F603-4769-8F8A-2A9A806FC649}.Release|Any CPU.Build.0 = Release|Any CPU
		{E4E23371-F603-4769-8F8A-2A9A806FC649}.Release|Mixed Platforms.ActiveCfg = Release|Any CPU
		{E4E23371-F603-4769-8F8A-2A9A806FC649}.Release|Mixed Platforms.Build.0 = Release|Any CPU
		{E4E23371-F603-4769-8F8A-2A9A806FC649}.Release|Win32.ActiveCfg = Release|Any CPU
		{E4E23371-F603-4769-8F8A-2A9A806FC649}.Release|x86.ActiveCfg = Release|Any CPU
		{E4E23371-F603-4769-8F8A-2A9A806FC649}.Remote Debug|Any CPU.ActiveCfg = Debug|Any CPU
		{E4E23371-F603-4769-8F8A-2A9A806FC649}.Remote Debug|Any CPU.Build.0 = Debug|Any CPU
		{E4E23371-F603-4769-8F8A-2A9A806FC649}.Remote Debug|Mixed Platforms.ActiveCfg = Debug|Any CPU
		{E4E23371-F603-4769-8F8A-2A9A806FC649}.Remote Debug|Mixed Platforms.Build.0 = Debug|Any CPU
		{E4E23371-F603-4769-8F8A-2A9A806FC649}.Remote Debug|Win32.ActiveCfg = Debug|Any CPU
		{E4E23371-F603-4769-8F8A-2A9A806FC649}.Remote Debug|x86.ActiveCfg = Debug|Any CPU
		{43009C37-62D5-45DC-BC13-8121E4C4B18E}.Debug|Any CPU.ActiveCfg = Debug|Any CPU
		{43009C37-62D5-45DC-BC13-8121E4C4B18E}.Debug|Any CPU.Build.0 = Debug|Any CPU
		{43009C37-62D5-45DC-BC13-8121E4C4B18E}.Debug|Mixed Platforms.ActiveCfg = Debug|Any CPU
		{43009C37-62D5-45DC-BC13-8121E4C4B18E}.Debug|Mixed Platforms.Build.0 = Debug|Any CPU
		{43009C37-62D5-45DC-BC13-8121E4C4B18E}.Debug|Win32.ActiveCfg = Debug|Any CPU
		{43009C37-62D5-45DC-BC13-8121E4C4B18E}.Debug|x86.ActiveCfg = Debug|Any CPU
		{43009C37-62D5-45DC-BC13-8121E4C4B18E}.Release|Any CPU.ActiveCfg = Release|Any CPU
		{43009C37-62D5-45DC-BC13-8121E4C4B18E}.Release|Any CPU.Build.0 = Release|Any CPU
		{43009C37-62D5-45DC-BC13-8121E4C4B18E}.Release|Mixed Platforms.ActiveCfg = Release|Any CPU
		{43009C37-62D5-45DC-BC13-8121E4C4B18E}.Release|Mixed Platforms.Build.0 = Release|Any CPU
		{43009C37-62D5-45DC-BC13-8121E4C4B18E}.Release|Win32.ActiveCfg = Release|Any CPU
		{43009C37-62D5-45DC-BC13-8121E4C4B18E}.Release|x86.ActiveCfg = Release|Any CPU
		{43009C37-62D5-45DC-BC13-8121E4C4B18E}.Remote Debug|Any CPU.ActiveCfg = Debug|Any CPU
		{43009C37-62D5-45DC-BC13-8121E4C4B18E}.Remote Debug|Any CPU.Build.0 = Debug|Any CPU
		{43009C37-62D5-45DC-BC13-8121E4C4B18E}.Remote Debug|Mixed Platforms.ActiveCfg = Debug|Any CPU
		{43009C37-62D5-45DC-BC13-8121E4C4B18E}.Remote Debug|Mixed Platforms.Build.0 = Debug|Any CPU
		{43009C37-62D5-45DC-BC13-8121E4C4B18E}.Remote Debug|Win32.ActiveCfg = Debug|Any CPU
		{43009C37-62D5-45DC-BC13-8121E4C4B18E}.Remote Debug|x86.ActiveCfg = Debug|Any CPU
		{9F8AC6AD-A9A4-43F3-B397-C530C311F044}.Debug|Any CPU.ActiveCfg = Debug|Any CPU
		{9F8AC6AD-A9A4-43F3-B397-C530C311F044}.Debug|Any CPU.Build.0 = Debug|Any CPU
		{9F8AC6AD-A9A4-43F3-B397-C530C311F044}.Debug|Mixed Platforms.ActiveCfg = Debug|Any CPU
		{9F8AC6AD-A9A4-43F3-B397-C530C311F044}.Debug|Mixed Platforms.Build.0 = Debug|Any CPU
		{9F8AC6AD-A9A4-43F3-B397-C530C311F044}.Debug|Win32.ActiveCfg = Debug|Any CPU
		{9F8AC6AD-A9A4-43F3-B397-C530C311F044}.Debug|x86.ActiveCfg = Debug|Any CPU
		{9F8AC6AD-A9A4-43F3-B397-C530C311F044}.Release|Any CPU.ActiveCfg = Release|Any CPU
		{9F8AC6AD-A9A4-43F3-B397-C530C311F044}.Release|Any CPU.Build.0 = Release|Any CPU
		{9F8AC6AD-A9A4-43F3-B397-C530C311F044}.Release|Mixed Platforms.ActiveCfg = Release|Any CPU
		{9F8AC6AD-A9A4-43F3-B397-C530C311F044}.Release|Mixed Platforms.Build.0 = Release|Any CPU
		{9F8AC6AD-A9A4-43F3-B397-C530C311F044}.Release|Win32.ActiveCfg = Release|Any CPU
		{9F8AC6AD-A9A4-43F3-B397-C530C311F044}.Release|x86.ActiveCfg = Release|Any CPU
		{9F8AC6AD-A9A4-43F3-B397-C530C311F044}.Remote Debug|Any CPU.ActiveCfg = Debug|Any CPU
		{9F8AC6AD-A9A4-43F3-B397-C530C311F044}.Remote Debug|Any CPU.Build.0 = Debug|Any CPU
		{9F8AC6AD-A9A4-43F3-B397-C530C311F044}.Remote Debug|Mixed Platforms.ActiveCfg = Debug|Any CPU
		{9F8AC6AD-A9A4-43F3-B397-C530C311F044}.Remote Debug|Mixed Platforms.Build.0 = Debug|Any CPU
		{9F8AC6AD-A9A4-43F3-B397-C530C311F044}.Remote Debug|Win32.ActiveCfg = Debug|Any CPU
		{9F8AC6AD-A9A4-43F3-B397-C530C311F044}.Remote Debug|x86.ActiveCfg = Debug|Any CPU
	EndGlobalSection
	GlobalSection(SolutionProperties) = preSolution
		HideSolutionNode = FALSE
	EndGlobalSection
EndGlobal
